{
  "version": 4,
  "terraform_version": "0.12.28",
  "serial": 34,
  "lineage": "e672bb17-29c3-375e-577b-8fd538fe79f2",
  "outputs": {
    "lambda_arn": {
      "value": "arn:aws:lambda:eu-central-1:243558540500:function:greet_lambda",
      "type": "string"
    }
  },
  "resources": [
    {
      "mode": "managed",
      "type": "aws_iam_role",
      "name": "iam_for_lambda_v2",
      "provider": "provider.aws",
      "instances": [
        {
          "schema_version": 0,
          "attributes": {
            "arn": "arn:aws:iam::243558540500:role/iam_for_lambda_v2",
            "assume_role_policy": "{\"Version\":\"2012-10-17\",\"Statement\":[{\"Sid\":\"\",\"Effect\":\"Allow\",\"Principal\":{\"Service\":\"lambda.amazonaws.com\"},\"Action\":\"sts:AssumeRole\"}]}",
            "create_date": "2020-07-23T07:13:46Z",
            "description": "",
            "force_detach_policies": false,
            "id": "iam_for_lambda_v2",
            "max_session_duration": 3600,
            "name": "iam_for_lambda_v2",
            "name_prefix": null,
            "path": "/",
            "permissions_boundary": null,
            "tags": {},
            "unique_id": "AROATRNJYMTKFFHLMMTZN"
          }
        }
      ]
    }
  ]
}
